
Microsoft Visual Studio Solution File, Format Version 11.00
# Visual Studio 2010
Project("{8BC9CEB8-8B4A-11D0-8D11-00A0C91BC942}") = "Measuring", "Measuring\Measuring.vcxproj", "{32E9F22E-95B2-4B14-B431-9088056D2804}"
EndProject
Project("{8BC9CEB8-8B4A-11D0-8D11-00A0C91BC942}") = "3Ph_CPU_PointTime", "OnePointTime\OnePointTime.vcxproj", "{84C9AF81-C663-4641-A6A9-6BC9EE442E26}"
EndProject
Project("{8BC9CEB8-8B4A-11D0-8D11-00A0C91BC942}") = "3Ph_GPU_PointTime", "3Ph_GPU_PointTime\3Ph_GPU_PointTime.vcxproj", "{65F314F0-7EA8-471B-9BDA-63594FC73126}"
EndProject
Global
	GlobalSection(SolutionConfigurationPlatforms) = preSolution
		Debug|Win32 = Debug|Win32
		Release|Win32 = Release|Win32
	EndGlobalSection
	GlobalSection(ProjectConfigurationPlatforms) = postSolution
		{32E9F22E-95B2-4B14-B431-9088056D2804}.Debug|Win32.ActiveCfg = Debug|Win32
		{32E9F22E-95B2-4B14-B431-9088056D2804}.Debug|Win32.Build.0 = Debug|Win32
		{32E9F22E-95B2-4B14-B431-9088056D2804}.Release|Win32.ActiveCfg = Release|Win32
		{32E9F22E-95B2-4B14-B431-9088056D2804}.Release|Win32.Build.0 = Release|Win32
		{84C9AF81-C663-4641-A6A9-6BC9EE442E26}.Debug|Win32.ActiveCfg = Debug|Win32
		{84C9AF81-C663-4641-A6A9-6BC9EE442E26}.Debug|Win32.Build.0 = Debug|Win32
		{84C9AF81-C663-4641-A6A9-6BC9EE442E26}.Release|Win32.ActiveCfg = Release|Win32
		{84C9AF81-C663-4641-A6A9-6BC9EE442E26}.Release|Win32.Build.0 = Release|Win32
		{65F314F0-7EA8-471B-9BDA-63594FC73126}.Debug|Win32.ActiveCfg = Debug|Win32
		{65F314F0-7EA8-471B-9BDA-63594FC73126}.Debug|Win32.Build.0 = Debug|Win32
		{65F314F0-7EA8-471B-9BDA-63594FC73126}.Release|Win32.ActiveCfg = Release|Win32
		{65F314F0-7EA8-471B-9BDA-63594FC73126}.Release|Win32.Build.0 = Release|Win32
	EndGlobalSection
	GlobalSection(SolutionProperties) = preSolution
		HideSolutionNode = FALSE
	EndGlobalSection
EndGlobal
