Microsoft Visual Studio Solution File, Format Version 11.00
# Visual Studio 2010
Project("{8BC9CEB8-8B4A-11D0-8D11-00A0C91BC942}") = "MPI", "MPI\MPI.vcxproj", "{380534B7-9ED1-4A8E-A557-72BD025EAF33}"
EndProject
Project("{8BC9CEB8-8B4A-11D0-8D11-00A0C91BC942}") = "CPU", "CPU\CPU.vcxproj", "{B743FC8E-75E2-46C6-8741-8E42EFC3879E}"
EndProject
Project("{8BC9CEB8-8B4A-11D0-8D11-00A0C91BC942}") = "CUDA", "CUDA\CUDA.vcxproj", "{C6C71C26-0E1A-4F07-8D4C-2F5AD48DE7B3}"
EndProject
Project("{8BC9CEB8-8B4A-11D0-8D11-00A0C91BC942}") = "MPI_CUDA", "MPI_CUDA\MPI_CUDA.vcxproj", "{540A134D-A775-4002-BDDE-3DB171870FB7}"
EndProject
Global
	GlobalSection(SolutionConfigurationPlatforms) = preSolution
		Debug|Win32 = Debug|Win32
		Release|Win32 = Release|Win32
	EndGlobalSection
	GlobalSection(ProjectConfigurationPlatforms) = postSolution
		{380534B7-9ED1-4A8E-A557-72BD025EAF33}.Debug|Win32.ActiveCfg = Debug|Win32
		{380534B7-9ED1-4A8E-A557-72BD025EAF33}.Debug|Win32.Build.0 = Debug|Win32
		{380534B7-9ED1-4A8E-A557-72BD025EAF33}.Release|Win32.ActiveCfg = Release|Win32
		{380534B7-9ED1-4A8E-A557-72BD025EAF33}.Release|Win32.Build.0 = Release|Win32
		{B743FC8E-75E2-46C6-8741-8E42EFC3879E}.Debug|Win32.ActiveCfg = Debug|Win32
		{B743FC8E-75E2-46C6-8741-8E42EFC3879E}.Debug|Win32.Build.0 = Debug|Win32
		{B743FC8E-75E2-46C6-8741-8E42EFC3879E}.Release|Win32.ActiveCfg = Release|Win32
		{B743FC8E-75E2-46C6-8741-8E42EFC3879E}.Release|Win32.Build.0 = Release|Win32
		{C6C71C26-0E1A-4F07-8D4C-2F5AD48DE7B3}.Debug|Win32.ActiveCfg = Debug|Win32
		{C6C71C26-0E1A-4F07-8D4C-2F5AD48DE7B3}.Debug|Win32.Build.0 = Debug|Win32
		{C6C71C26-0E1A-4F07-8D4C-2F5AD48DE7B3}.Release|Win32.ActiveCfg = Release|Win32
		{C6C71C26-0E1A-4F07-8D4C-2F5AD48DE7B3}.Release|Win32.Build.0 = Release|Win32
		{540A134D-A775-4002-BDDE-3DB171870FB7}.Debug|Win32.ActiveCfg = Debug|Win32
		{540A134D-A775-4002-BDDE-3DB171870FB7}.Debug|Win32.Build.0 = Debug|Win32
		{540A134D-A775-4002-BDDE-3DB171870FB7}.Release|Win32.ActiveCfg = Release|Win32
		{540A134D-A775-4002-BDDE-3DB171870FB7}.Release|Win32.Build.0 = Release|Win32
	EndGlobalSection
	GlobalSection(SolutionProperties) = preSolution
		HideSolutionNode = FALSE
	EndGlobalSection
EndGlobal
